Microsoft Visual Studio Solution File, Format Version 12.00
# Visual Studio Version 17
VisualStudioVersion = 17.5.2.0
MinimumVisualStudioVersion = 10.0.40219.1
Project("{FAE04EC0-301F-11D3-BF4B-00C04F79EFBC}") = "ProjectManagerAPI", "ProjectManagerAPI\ProjectManagerAPI.csproj", "{5E08A86E-13D8-BE3E-0D1C-5CC234052B47}"
EndProject
Global
	GlobalSection(SolutionConfigurationPlatforms) = preSolution
		Debug|Any CPU = Debug|Any CPU
		Release|Any CPU = Release|Any CPU
	EndGlobalSection
	GlobalSection(ProjectConfigurationPlatforms) = postSolution
		{5E08A86E-13D8-BE3E-0D1C-5CC234052B47}.Debug|Any CPU.ActiveCfg = Debug|Any CPU
		{5E08A86E-13D8-BE3E-0D1C-5CC234052B47}.Debug|Any CPU.Build.0 = Debug|Any CPU
		{5E08A86E-13D8-BE3E-0D1C-5CC234052B47}.Release|Any CPU.ActiveCfg = Release|Any CPU
		{5E08A86E-13D8-BE3E-0D1C-5CC234052B47}.Release|Any CPU.Build.0 = Release|Any CPU
	EndGlobalSection
	GlobalSection(SolutionProperties) = preSolution
		HideSolutionNode = FALSE
	EndGlobalSection
	GlobalSection(ExtensibilityGlobals) = postSolution
		SolutionGuid = {0465D5B4-62E0-4222-B8A2-B8E517C67C4E}
	EndGlobalSection
EndGlobal
